<Solution>
  <Folder Name="/src/">
    <Project Path="src/BuildAnalytics.Core/BuildAnalytics.Core.csproj" />
    <Project Path="src/BuildAnalytics.App/BuildAnalytics.App.csproj" />
  </Folder>
  <Folder Name="/tests/">
    <Project Path="tests/BuildAnalytics.Tests/BuildAnalytics.Tests.csproj" />
  </Folder>
</Solution>
